// !$*UTF8*$!
{
	archiveVersion = 1;
	classes = {
	};
	objectVersion = 50;
	objects = {

/* Begin PBXBuildFile section */
		AB06124C284A66C90016C53E /* Sequence-Sorting.swift in Sources */ = {isa = PBXBuildFile; fileRef = AB06124B284A66C80016C53E /* Sequence-Sorting.swift */; };
		AB0FE30228650E2E00959CF6 /* Localizable.strings in Resources */ = {isa = PBXBuildFile; fileRef = AB0FE30428650E2E00959CF6 /* Localizable.strings */; };
		AB0FE30628650F0E00959CF6 /* Localizable.stringsdict in Resources */ = {isa = PBXBuildFile; fileRef = AB0FE30828650F0E00959CF6 /* Localizable.stringsdict */; };
		AB0FE30A28650FF800959CF6 /* Awards.json in Resources */ = {isa = PBXBuildFile; fileRef = AB0FE30C28650FF800959CF6 /* Awards.json */; };
		AB1EA67E282B01A600420530 /* Binding-OnChange.swift in Sources */ = {isa = PBXBuildFile; fileRef = AB1EA67D282B01A600420530 /* Binding-OnChange.swift */; };
		AB2FB6CD2566CA30001D35BA /* UltimatePortfolioApp.swift in Sources */ = {isa = PBXBuildFile; fileRef = AB2FB6CC2566CA30001D35BA /* UltimatePortfolioApp.swift */; };
		AB2FB6CF2566CA30001D35BA /* ContentView.swift in Sources */ = {isa = PBXBuildFile; fileRef = AB2FB6CE2566CA30001D35BA /* ContentView.swift */; };
		AB2FB6D12566CA32001D35BA /* Assets.xcassets in Resources */ = {isa = PBXBuildFile; fileRef = AB2FB6D02566CA32001D35BA /* Assets.xcassets */; };
		AB2FB6D42566CA32001D35BA /* Preview Assets.xcassets in Resources */ = {isa = PBXBuildFile; fileRef = AB2FB6D32566CA32001D35BA /* Preview Assets.xcassets */; };
		AB4A3DA6286665C20026E6D1 /* ItemListView.swift in Sources */ = {isa = PBXBuildFile; fileRef = AB4A3DA5286665C20026E6D1 /* ItemListView.swift */; };
		AB4A3DA8286666A70026E6D1 /* ProjectSummaryView.swift in Sources */ = {isa = PBXBuildFile; fileRef = AB4A3DA7286666A70026E6D1 /* ProjectSummaryView.swift */; };
		AB4A3DAA28666EF90026E6D1 /* ItemSummaryView.swift in Sources */ = {isa = PBXBuildFile; fileRef = AB4A3DA928666EF90026E6D1 /* ItemSummaryView.swift */; };
		AB5140462829ABDF00351766 /* EditItemView.swift in Sources */ = {isa = PBXBuildFile; fileRef = AB5140452829ABDF00351766 /* EditItemView.swift */; };
		AB5140482829B09B00351766 /* ItemRowView.swift in Sources */ = {isa = PBXBuildFile; fileRef = AB5140472829B09B00351766 /* ItemRowView.swift */; };
		AB5A8F98284D38A5001E1F2E /* Bundle-Decodable.swift in Sources */ = {isa = PBXBuildFile; fileRef = AB5A8F97284D38A5001E1F2E /* Bundle-Decodable.swift */; };
		AB5A8F9C284D4222001E1F2E /* Award.swift in Sources */ = {isa = PBXBuildFile; fileRef = AB5A8F9B284D4222001E1F2E /* Award.swift */; };
		AB5A8F9E284D42B3001E1F2E /* AwardsView.swift in Sources */ = {isa = PBXBuildFile; fileRef = AB5A8F9D284D42B3001E1F2E /* AwardsView.swift */; };
		AB64B08F282D8F0500A11A69 /* EditProjectView.swift in Sources */ = {isa = PBXBuildFile; fileRef = AB64B08E282D8F0500A11A69 /* EditProjectView.swift */; };
		AB7B932D2826AAC90046CC89 /* Item-CoreDataHelpers.swift in Sources */ = {isa = PBXBuildFile; fileRef = AB7B932C2826AAC90046CC89 /* Item-CoreDataHelpers.swift */; };
		AB7B932F2826ACC30046CC89 /* Project-CoreDataHelpers.swift in Sources */ = {isa = PBXBuildFile; fileRef = AB7B932E2826ACC30046CC89 /* Project-CoreDataHelpers.swift */; };
		AB909EF22853711D00532BD8 /* Color-Additions.swift in Sources */ = {isa = PBXBuildFile; fileRef = AB909EF12853711D00532BD8 /* Color-Additions.swift */; };
		ABA556F42824738000DD9E77 /* CloudKit.framework in Frameworks */ = {isa = PBXBuildFile; fileRef = ABA556F32824738000DD9E77 /* CloudKit.framework */; };
		ABA556F62824754100DD9E77 /* HomeView.swift in Sources */ = {isa = PBXBuildFile; fileRef = ABA556F52824754100DD9E77 /* HomeView.swift */; };
		ABA556F82824765F00DD9E77 /* ProjectsView.swift in Sources */ = {isa = PBXBuildFile; fileRef = ABA556F72824765F00DD9E77 /* ProjectsView.swift */; };
		ABB2020C284CEF3F000C1DD6 /* SelectSomethingView.swift in Sources */ = {isa = PBXBuildFile; fileRef = ABB2020B284CEF3F000C1DD6 /* SelectSomethingView.swift */; };
		ABC1CC47282D47EA0021C3CA /* ProjectHeaderView.swift in Sources */ = {isa = PBXBuildFile; fileRef = ABC1CC46282D47EA0021C3CA /* ProjectHeaderView.swift */; };
		ABC1CC49282D4AFE0021C3CA /* Colors.xcassets in Resources */ = {isa = PBXBuildFile; fileRef = ABC1CC48282D4AFE0021C3CA /* Colors.xcassets */; };
		ABC7107B2566CCF9006C878A /* Main.xcdatamodeld in Sources */ = {isa = PBXBuildFile; fileRef = ABC710792566CCF9006C878A /* Main.xcdatamodeld */; };
		ABC7107E2566CFDD006C878A /* DataController.swift in Sources */ = {isa = PBXBuildFile; fileRef = ABC7107D2566CFDD006C878A /* DataController.swift */; };
/* End PBXBuildFile section */

/* Begin PBXFileReference section */
		AB06124B284A66C80016C53E /* Sequence-Sorting.swift */ = {isa = PBXFileReference; lastKnownFileType = sourcecode.swift; path = "Sequence-Sorting.swift"; sourceTree = "<group>"; };
		AB0FE30328650E2E00959CF6 /* en */ = {isa = PBXFileReference; lastKnownFileType = text.plist.strings; name = en; path = en.lproj/Localizable.strings; sourceTree = "<group>"; };
		AB0FE30528650E3B00959CF6 /* hu */ = {isa = PBXFileReference; lastKnownFileType = text.plist.strings; name = hu; path = hu.lproj/Localizable.strings; sourceTree = "<group>"; };
		AB0FE30728650F0E00959CF6 /* en */ = {isa = PBXFileReference; lastKnownFileType = text.plist.stringsdict; name = en; path = en.lproj/Localizable.stringsdict; sourceTree = "<group>"; };
		AB0FE30928650F1400959CF6 /* hu */ = {isa = PBXFileReference; lastKnownFileType = text.plist.stringsdict; name = hu; path = hu.lproj/Localizable.stringsdict; sourceTree = "<group>"; };
		AB0FE30B28650FF800959CF6 /* en */ = {isa = PBXFileReference; lastKnownFileType = text.json; name = en; path = en.lproj/Awards.json; sourceTree = "<group>"; };
		AB0FE30D28650FFB00959CF6 /* hu */ = {isa = PBXFileReference; lastKnownFileType = text.json; name = hu; path = hu.lproj/Awards.json; sourceTree = "<group>"; };
		AB1EA67D282B01A600420530 /* Binding-OnChange.swift */ = {isa = PBXFileReference; lastKnownFileType = sourcecode.swift; path = "Binding-OnChange.swift"; sourceTree = "<group>"; };
		AB2FB6C92566CA30001D35BA /* UltimatePortfolio.app */ = {isa = PBXFileReference; explicitFileType = wrapper.application; includeInIndex = 0; path = UltimatePortfolio.app; sourceTree = BUILT_PRODUCTS_DIR; };
		AB2FB6CC2566CA30001D35BA /* UltimatePortfolioApp.swift */ = {isa = PBXFileReference; lastKnownFileType = sourcecode.swift; path = UltimatePortfolioApp.swift; sourceTree = "<group>"; };
		AB2FB6CE2566CA30001D35BA /* ContentView.swift */ = {isa = PBXFileReference; lastKnownFileType = sourcecode.swift; path = ContentView.swift; sourceTree = "<group>"; };
		AB2FB6D02566CA32001D35BA /* Assets.xcassets */ = {isa = PBXFileReference; lastKnownFileType = folder.assetcatalog; path = Assets.xcassets; sourceTree = "<group>"; };
		AB2FB6D32566CA32001D35BA /* Preview Assets.xcassets */ = {isa = PBXFileReference; lastKnownFileType = folder.assetcatalog; path = "Preview Assets.xcassets"; sourceTree = "<group>"; };
		AB2FB6D52566CA32001D35BA /* Info.plist */ = {isa = PBXFileReference; lastKnownFileType = text.plist.xml; path = Info.plist; sourceTree = "<group>"; };
		AB4A3DA5286665C20026E6D1 /* ItemListView.swift */ = {isa = PBXFileReference; lastKnownFileType = sourcecode.swift; path = ItemListView.swift; sourceTree = "<group>"; };
		AB4A3DA7286666A70026E6D1 /* ProjectSummaryView.swift */ = {isa = PBXFileReference; lastKnownFileType = sourcecode.swift; path = ProjectSummaryView.swift; sourceTree = "<group>"; };
		AB4A3DA928666EF90026E6D1 /* ItemSummaryView.swift */ = {isa = PBXFileReference; lastKnownFileType = sourcecode.swift; path = ItemSummaryView.swift; sourceTree = "<group>"; };
		AB5140452829ABDF00351766 /* EditItemView.swift */ = {isa = PBXFileReference; lastKnownFileType = sourcecode.swift; path = EditItemView.swift; sourceTree = "<group>"; };
		AB5140472829B09B00351766 /* ItemRowView.swift */ = {isa = PBXFileReference; lastKnownFileType = sourcecode.swift; path = ItemRowView.swift; sourceTree = "<group>"; };
		AB5A8F97284D38A5001E1F2E /* Bundle-Decodable.swift */ = {isa = PBXFileReference; lastKnownFileType = sourcecode.swift; path = "Bundle-Decodable.swift"; sourceTree = "<group>"; };
		AB5A8F9B284D4222001E1F2E /* Award.swift */ = {isa = PBXFileReference; lastKnownFileType = sourcecode.swift; path = Award.swift; sourceTree = "<group>"; };
		AB5A8F9D284D42B3001E1F2E /* AwardsView.swift */ = {isa = PBXFileReference; lastKnownFileType = sourcecode.swift; path = AwardsView.swift; sourceTree = "<group>"; };
		AB64B08E282D8F0500A11A69 /* EditProjectView.swift */ = {isa = PBXFileReference; lastKnownFileType = sourcecode.swift; path = EditProjectView.swift; sourceTree = "<group>"; };
		AB7B932C2826AAC90046CC89 /* Item-CoreDataHelpers.swift */ = {isa = PBXFileReference; lastKnownFileType = sourcecode.swift; path = "Item-CoreDataHelpers.swift"; sourceTree = "<group>"; };
		AB7B932E2826ACC30046CC89 /* Project-CoreDataHelpers.swift */ = {isa = PBXFileReference; lastKnownFileType = sourcecode.swift; path = "Project-CoreDataHelpers.swift"; sourceTree = "<group>"; };
		AB909EF12853711D00532BD8 /* Color-Additions.swift */ = {isa = PBXFileReference; lastKnownFileType = sourcecode.swift; path = "Color-Additions.swift"; sourceTree = "<group>"; };
		ABA556F12824736200DD9E77 /* UltimatePortfolio.entitlements */ = {isa = PBXFileReference; lastKnownFileType = text.plist.entitlements; path = UltimatePortfolio.entitlements; sourceTree = "<group>"; };
		ABA556F32824738000DD9E77 /* CloudKit.framework */ = {isa = PBXFileReference; lastKnownFileType = wrapper.framework; name = CloudKit.framework; path = System/Library/Frameworks/CloudKit.framework; sourceTree = SDKROOT; };
		ABA556F52824754100DD9E77 /* HomeView.swift */ = {isa = PBXFileReference; lastKnownFileType = sourcecode.swift; path = HomeView.swift; sourceTree = "<group>"; };
		ABA556F72824765F00DD9E77 /* ProjectsView.swift */ = {isa = PBXFileReference; lastKnownFileType = sourcecode.swift; path = ProjectsView.swift; sourceTree = "<group>"; };
		ABB2020B284CEF3F000C1DD6 /* SelectSomethingView.swift */ = {isa = PBXFileReference; lastKnownFileType = sourcecode.swift; path = SelectSomethingView.swift; sourceTree = "<group>"; };
		ABC1CC46282D47EA0021C3CA /* ProjectHeaderView.swift */ = {isa = PBXFileReference; lastKnownFileType = sourcecode.swift; path = ProjectHeaderView.swift; sourceTree = "<group>"; };
		ABC1CC48282D4AFE0021C3CA /* Colors.xcassets */ = {isa = PBXFileReference; lastKnownFileType = folder.assetcatalog; path = Colors.xcassets; sourceTree = "<group>"; };
		ABC7107A2566CCF9006C878A /* Main.xcdatamodel */ = {isa = PBXFileReference; lastKnownFileType = wrapper.xcdatamodel; path = Main.xcdatamodel; sourceTree = "<group>"; };
		ABC7107D2566CFDD006C878A /* DataController.swift */ = {isa = PBXFileReference; lastKnownFileType = sourcecode.swift; path = DataController.swift; sourceTree = "<group>"; };
/* End PBXFileReference section */

/* Begin PBXFrameworksBuildPhase section */
		AB2FB6C62566CA30001D35BA /* Frameworks */ = {
			isa = PBXFrameworksBuildPhase;
			buildActionMask = 2147483647;
			files = (
				ABA556F42824738000DD9E77 /* CloudKit.framework in Frameworks */,
			);
			runOnlyForDeploymentPostprocessing = 0;
		};
/* End PBXFrameworksBuildPhase section */

/* Begin PBXGroup section */
		AB2FB6C02566CA30001D35BA = {
			isa = PBXGroup;
			children = (
				AB2FB6CB2566CA30001D35BA /* UltimatePortfolio */,
				AB2FB6CA2566CA30001D35BA /* Products */,
				ABA556F22824738000DD9E77 /* Frameworks */,
			);
			sourceTree = "<group>";
		};
		AB2FB6CA2566CA30001D35BA /* Products */ = {
			isa = PBXGroup;
			children = (
				AB2FB6C92566CA30001D35BA /* UltimatePortfolio.app */,
			);
			name = Products;
			sourceTree = "<group>";
		};
		AB2FB6CB2566CA30001D35BA /* UltimatePortfolio */ = {
			isa = PBXGroup;
			children = (
				AB99E042286F2EC200BAE232 /* Activities */,
				AB99E046286F2F4F00BAE232 /* Extensions */,
				AB99E047286F2FBB00BAE232 /* Localization */,
				AB99E048286F304400BAE232 /* Configuration */,
				AB2FB6CC2566CA30001D35BA /* UltimatePortfolioApp.swift */,
				AB2FB6CE2566CA30001D35BA /* ContentView.swift */,
				ABC7107D2566CFDD006C878A /* DataController.swift */,
				AB2FB6D02566CA32001D35BA /* Assets.xcassets */,
				ABC1CC48282D4AFE0021C3CA /* Colors.xcassets */,
				AB2FB6D22566CA32001D35BA /* Preview Content */,
			);
			path = UltimatePortfolio;
			sourceTree = "<group>";
		};
		AB2FB6D22566CA32001D35BA /* Preview Content */ = {
			isa = PBXGroup;
			children = (
				AB2FB6D32566CA32001D35BA /* Preview Assets.xcassets */,
			);
			path = "Preview Content";
			sourceTree = "<group>";
		};
		AB99E042286F2EC200BAE232 /* Activities */ = {
			isa = PBXGroup;
			children = (
				AB99E043286F2ED000BAE232 /* Home */,
				AB99E044286F2ED500BAE232 /* Projects */,
				AB99E045286F2EE100BAE232 /* Awards */,
			);
			path = Activities;
			sourceTree = "<group>";
		};
		AB99E043286F2ED000BAE232 /* Home */ = {
			isa = PBXGroup;
			children = (
				ABA556F52824754100DD9E77 /* HomeView.swift */,
				AB4A3DA7286666A70026E6D1 /* ProjectSummaryView.swift */,
				AB4A3DA5286665C20026E6D1 /* ItemListView.swift */,
				AB4A3DA928666EF90026E6D1 /* ItemSummaryView.swift */,
			);
			path = Home;
			sourceTree = "<group>";
		};
		AB99E044286F2ED500BAE232 /* Projects */ = {
			isa = PBXGroup;
			children = (
				ABA556F72824765F00DD9E77 /* ProjectsView.swift */,
				ABB2020B284CEF3F000C1DD6 /* SelectSomethingView.swift */,
				ABC1CC46282D47EA0021C3CA /* ProjectHeaderView.swift */,
				AB5140472829B09B00351766 /* ItemRowView.swift */,
				AB64B08E282D8F0500A11A69 /* EditProjectView.swift */,
				AB5140452829ABDF00351766 /* EditItemView.swift */,
			);
			path = Projects;
			sourceTree = "<group>";
		};
		AB99E045286F2EE100BAE232 /* Awards */ = {
			isa = PBXGroup;
			children = (
				AB5A8F9D284D42B3001E1F2E /* AwardsView.swift */,
				AB5A8F9B284D4222001E1F2E /* Award.swift */,
				AB0FE30C28650FF800959CF6 /* Awards.json */,
			);
			path = Awards;
			sourceTree = "<group>";
		};
		AB99E046286F2F4F00BAE232 /* Extensions */ = {
			isa = PBXGroup;
			children = (
				AB5A8F97284D38A5001E1F2E /* Bundle-Decodable.swift */,
				AB06124B284A66C80016C53E /* Sequence-Sorting.swift */,
				AB1EA67D282B01A600420530 /* Binding-OnChange.swift */,
				AB909EF12853711D00532BD8 /* Color-Additions.swift */,
				AB7B932E2826ACC30046CC89 /* Project-CoreDataHelpers.swift */,
				AB7B932C2826AAC90046CC89 /* Item-CoreDataHelpers.swift */,
			);
			path = Extensions;
			sourceTree = "<group>";
		};
		AB99E047286F2FBB00BAE232 /* Localization */ = {
			isa = PBXGroup;
			children = (
				AB0FE30828650F0E00959CF6 /* Localizable.stringsdict */,
				AB0FE30428650E2E00959CF6 /* Localizable.strings */,
			);
			path = Localization;
			sourceTree = "<group>";
		};
		AB99E048286F304400BAE232 /* Configuration */ = {
			isa = PBXGroup;
			children = (
				ABA556F12824736200DD9E77 /* UltimatePortfolio.entitlements */,
				AB2FB6D52566CA32001D35BA /* Info.plist */,
				ABC710792566CCF9006C878A /* Main.xcdatamodeld */,
			);
			path = Configuration;
			sourceTree = "<group>";
		};
		ABA556F22824738000DD9E77 /* Frameworks */ = {
			isa = PBXGroup;
			children = (
				ABA556F32824738000DD9E77 /* CloudKit.framework */,
			);
			name = Frameworks;
			sourceTree = "<group>";
		};
/* End PBXGroup section */

/* Begin PBXNativeTarget section */
		AB2FB6C82566CA30001D35BA /* UltimatePortfolio */ = {
			isa = PBXNativeTarget;
			buildConfigurationList = AB2FB6D82566CA32001D35BA /* Build configuration list for PBXNativeTarget "UltimatePortfolio" */;
			buildPhases = (
				AB91BF5C2867BADC006BD304 /* SwiftLint */,
				AB2FB6C52566CA30001D35BA /* Sources */,
				AB2FB6C62566CA30001D35BA /* Frameworks */,
				AB2FB6C72566CA30001D35BA /* Resources */,
			);
			buildRules = (
			);
			dependencies = (
			);
			name = UltimatePortfolio;
			productName = UltimatePortfolio;
			productReference = AB2FB6C92566CA30001D35BA /* UltimatePortfolio.app */;
			productType = "com.apple.product-type.application";
		};
/* End PBXNativeTarget section */

/* Begin PBXProject section */
		AB2FB6C12566CA30001D35BA /* Project object */ = {
			isa = PBXProject;
			attributes = {
				LastSwiftUpdateCheck = 1220;
				LastUpgradeCheck = 1220;
				TargetAttributes = {
					AB2FB6C82566CA30001D35BA = {
						CreatedOnToolsVersion = 12.2;
					};
				};
			};
			buildConfigurationList = AB2FB6C42566CA30001D35BA /* Build configuration list for PBXProject "UltimatePortfolio" */;
			compatibilityVersion = "Xcode 9.3";
			developmentRegion = en;
			hasScannedForEncodings = 0;
			knownRegions = (
				en,
				Base,
				hu,
			);
			mainGroup = AB2FB6C02566CA30001D35BA;
			productRefGroup = AB2FB6CA2566CA30001D35BA /* Products */;
			projectDirPath = "";
			projectRoot = "";
			targets = (
				AB2FB6C82566CA30001D35BA /* UltimatePortfolio */,
			);
		};
/* End PBXProject section */

/* Begin PBXResourcesBuildPhase section */
		AB2FB6C72566CA30001D35BA /* Resources */ = {
			isa = PBXResourcesBuildPhase;
			buildActionMask = 2147483647;
			files = (
				AB0FE30228650E2E00959CF6 /* Localizable.strings in Resources */,
				ABC1CC49282D4AFE0021C3CA /* Colors.xcassets in Resources */,
				AB0FE30A28650FF800959CF6 /* Awards.json in Resources */,
				AB2FB6D42566CA32001D35BA /* Preview Assets.xcassets in Resources */,
				AB2FB6D12566CA32001D35BA /* Assets.xcassets in Resources */,
				AB0FE30628650F0E00959CF6 /* Localizable.stringsdict in Resources */,
			);
			runOnlyForDeploymentPostprocessing = 0;
		};
/* End PBXResourcesBuildPhase section */

/* Begin PBXShellScriptBuildPhase section */
		AB91BF5C2867BADC006BD304 /* SwiftLint */ = {
			isa = PBXShellScriptBuildPhase;
			buildActionMask = 2147483647;
			files = (
			);
			inputFileListPaths = (
			);
			inputPaths = (
			);
			name = SwiftLint;
			outputFileListPaths = (
			);
			outputPaths = (
			);
			runOnlyForDeploymentPostprocessing = 0;
			shellPath = /bin/sh;
			shellScript = "if which swiftlint > /dev/null; then\n  swiftlint\nelse\n  echo \"warning: SwiftLint not installed, download from https://github.com/realm/SwiftLint\"\nfi\n";
		};
/* End PBXShellScriptBuildPhase section */

/* Begin PBXSourcesBuildPhase section */
		AB2FB6C52566CA30001D35BA /* Sources */ = {
			isa = PBXSourcesBuildPhase;
			buildActionMask = 2147483647;
			files = (
				ABA556F82824765F00DD9E77 /* ProjectsView.swift in Sources */,
				AB4A3DA8286666A70026E6D1 /* ProjectSummaryView.swift in Sources */,
				ABC1CC47282D47EA0021C3CA /* ProjectHeaderView.swift in Sources */,
				AB5A8F9E284D42B3001E1F2E /* AwardsView.swift in Sources */,
				AB4A3DAA28666EF90026E6D1 /* ItemSummaryView.swift in Sources */,
				ABC7107B2566CCF9006C878A /* Main.xcdatamodeld in Sources */,
				AB7B932F2826ACC30046CC89 /* Project-CoreDataHelpers.swift in Sources */,
				AB909EF22853711D00532BD8 /* Color-Additions.swift in Sources */,
				AB64B08F282D8F0500A11A69 /* EditProjectView.swift in Sources */,
				ABC7107E2566CFDD006C878A /* DataController.swift in Sources */,
				ABB2020C284CEF3F000C1DD6 /* SelectSomethingView.swift in Sources */,
				AB5A8F9C284D4222001E1F2E /* Award.swift in Sources */,
				AB5140482829B09B00351766 /* ItemRowView.swift in Sources */,
				AB2FB6CF2566CA30001D35BA /* ContentView.swift in Sources */,
				AB1EA67E282B01A600420530 /* Binding-OnChange.swift in Sources */,
				AB06124C284A66C90016C53E /* Sequence-Sorting.swift in Sources */,
				AB5A8F98284D38A5001E1F2E /* Bundle-Decodable.swift in Sources */,
				AB4A3DA6286665C20026E6D1 /* ItemListView.swift in Sources */,
				ABA556F62824754100DD9E77 /* HomeView.swift in Sources */,
				AB2FB6CD2566CA30001D35BA /* UltimatePortfolioApp.swift in Sources */,
				AB7B932D2826AAC90046CC89 /* Item-CoreDataHelpers.swift in Sources */,
				AB5140462829ABDF00351766 /* EditItemView.swift in Sources */,
			);
			runOnlyForDeploymentPostprocessing = 0;
		};
/* End PBXSourcesBuildPhase section */

/* Begin PBXVariantGroup section */
		AB0FE30428650E2E00959CF6 /* Localizable.strings */ = {
			isa = PBXVariantGroup;
			children = (
				AB0FE30328650E2E00959CF6 /* en */,
				AB0FE30528650E3B00959CF6 /* hu */,
			);
			name = Localizable.strings;
			sourceTree = "<group>";
		};
		AB0FE30828650F0E00959CF6 /* Localizable.stringsdict */ = {
			isa = PBXVariantGroup;
			children = (
				AB0FE30728650F0E00959CF6 /* en */,
				AB0FE30928650F1400959CF6 /* hu */,
			);
			name = Localizable.stringsdict;
			sourceTree = "<group>";
		};
		AB0FE30C28650FF800959CF6 /* Awards.json */ = {
			isa = PBXVariantGroup;
			children = (
				AB0FE30B28650FF800959CF6 /* en */,
				AB0FE30D28650FFB00959CF6 /* hu */,
			);
			name = Awards.json;
			sourceTree = "<group>";
		};
/* End PBXVariantGroup section */

/* Begin XCBuildConfiguration section */
		AB2FB6D62566CA32001D35BA /* Debug */ = {
			isa = XCBuildConfiguration;
			buildSettings = {
				ALWAYS_SEARCH_USER_PATHS = NO;
				CLANG_ANALYZER_NONNULL = YES;
				CLANG_ANALYZER_NUMBER_OBJECT_CONVERSION = YES_AGGRESSIVE;
				CLANG_CXX_LANGUAGE_STANDARD = "gnu++14";
				CLANG_CXX_LIBRARY = "libc++";
				CLANG_ENABLE_MODULES = YES;
				CLANG_ENABLE_OBJC_ARC = YES;
				CLANG_ENABLE_OBJC_WEAK = YES;
				CLANG_WARN_BLOCK_CAPTURE_AUTORELEASING = YES;
				CLANG_WARN_BOOL_CONVERSION = YES;
				CLANG_WARN_COMMA = YES;
				CLANG_WARN_CONSTANT_CONVERSION = YES;
				CLANG_WARN_DEPRECATED_OBJC_IMPLEMENTATIONS = YES;
				CLANG_WARN_DIRECT_OBJC_ISA_USAGE = YES_ERROR;
				CLANG_WARN_DOCUMENTATION_COMMENTS = YES;
				CLANG_WARN_EMPTY_BODY = YES;
				CLANG_WARN_ENUM_CONVERSION = YES;
				CLANG_WARN_INFINITE_RECURSION = YES;
				CLANG_WARN_INT_CONVERSION = YES;
				CLANG_WARN_NON_LITERAL_NULL_CONVERSION = YES;
				CLANG_WARN_OBJC_IMPLICIT_RETAIN_SELF = YES;
				CLANG_WARN_OBJC_LITERAL_CONVERSION = YES;
				CLANG_WARN_OBJC_ROOT_CLASS = YES_ERROR;
				CLANG_WARN_QUOTED_INCLUDE_IN_FRAMEWORK_HEADER = YES;
				CLANG_WARN_RANGE_LOOP_ANALYSIS = YES;
				CLANG_WARN_STRICT_PROTOTYPES = YES;
				CLANG_WARN_SUSPICIOUS_MOVE = YES;
				CLANG_WARN_UNGUARDED_AVAILABILITY = YES_AGGRESSIVE;
				CLANG_WARN_UNREACHABLE_CODE = YES;
				CLANG_WARN__DUPLICATE_METHOD_MATCH = YES;
				COPY_PHASE_STRIP = NO;
				DEBUG_INFORMATION_FORMAT = dwarf;
				ENABLE_STRICT_OBJC_MSGSEND = YES;
				ENABLE_TESTABILITY = YES;
				GCC_C_LANGUAGE_STANDARD = gnu11;
				GCC_DYNAMIC_NO_PIC = NO;
				GCC_NO_COMMON_BLOCKS = YES;
				GCC_OPTIMIZATION_LEVEL = 0;
				GCC_PREPROCESSOR_DEFINITIONS = (
					"DEBUG=1",
					"$(inherited)",
				);
				GCC_WARN_64_TO_32_BIT_CONVERSION = YES;
				GCC_WARN_ABOUT_RETURN_TYPE = YES_ERROR;
				GCC_WARN_UNDECLARED_SELECTOR = YES;
				GCC_WARN_UNINITIALIZED_AUTOS = YES_AGGRESSIVE;
				GCC_WARN_UNUSED_FUNCTION = YES;
				GCC_WARN_UNUSED_VARIABLE = YES;
				IPHONEOS_DEPLOYMENT_TARGET = 14.2;
				MTL_ENABLE_DEBUG_INFO = INCLUDE_SOURCE;
				MTL_FAST_MATH = YES;
				ONLY_ACTIVE_ARCH = YES;
				SDKROOT = iphoneos;
				SWIFT_ACTIVE_COMPILATION_CONDITIONS = DEBUG;
				SWIFT_OPTIMIZATION_LEVEL = "-Onone";
			};
			name = Debug;
		};
		AB2FB6D72566CA32001D35BA /* Release */ = {
			isa = XCBuildConfiguration;
			buildSettings = {
				ALWAYS_SEARCH_USER_PATHS = NO;
				CLANG_ANALYZER_NONNULL = YES;
				CLANG_ANALYZER_NUMBER_OBJECT_CONVERSION = YES_AGGRESSIVE;
				CLANG_CXX_LANGUAGE_STANDARD = "gnu++14";
				CLANG_CXX_LIBRARY = "libc++";
				CLANG_ENABLE_MODULES = YES;
				CLANG_ENABLE_OBJC_ARC = YES;
				CLANG_ENABLE_OBJC_WEAK = YES;
				CLANG_WARN_BLOCK_CAPTURE_AUTORELEASING = YES;
				CLANG_WARN_BOOL_CONVERSION = YES;
				CLANG_WARN_COMMA = YES;
				CLANG_WARN_CONSTANT_CONVERSION = YES;
				CLANG_WARN_DEPRECATED_OBJC_IMPLEMENTATIONS = YES;
				CLANG_WARN_DIRECT_OBJC_ISA_USAGE = YES_ERROR;
				CLANG_WARN_DOCUMENTATION_COMMENTS = YES;
				CLANG_WARN_EMPTY_BODY = YES;
				CLANG_WARN_ENUM_CONVERSION = YES;
				CLANG_WARN_INFINITE_RECURSION = YES;
				CLANG_WARN_INT_CONVERSION = YES;
				CLANG_WARN_NON_LITERAL_NULL_CONVERSION = YES;
				CLANG_WARN_OBJC_IMPLICIT_RETAIN_SELF = YES;
				CLANG_WARN_OBJC_LITERAL_CONVERSION = YES;
				CLANG_WARN_OBJC_ROOT_CLASS = YES_ERROR;
				CLANG_WARN_QUOTED_INCLUDE_IN_FRAMEWORK_HEADER = YES;
				CLANG_WARN_RANGE_LOOP_ANALYSIS = YES;
				CLANG_WARN_STRICT_PROTOTYPES = YES;
				CLANG_WARN_SUSPICIOUS_MOVE = YES;
				CLANG_WARN_UNGUARDED_AVAILABILITY = YES_AGGRESSIVE;
				CLANG_WARN_UNREACHABLE_CODE = YES;
				CLANG_WARN__DUPLICATE_METHOD_MATCH = YES;
				COPY_PHASE_STRIP = NO;
				DEBUG_INFORMATION_FORMAT = "dwarf-with-dsym";
				ENABLE_NS_ASSERTIONS = NO;
				ENABLE_STRICT_OBJC_MSGSEND = YES;
				GCC_C_LANGUAGE_STANDARD = gnu11;
				GCC_NO_COMMON_BLOCKS = YES;
				GCC_WARN_64_TO_32_BIT_CONVERSION = YES;
				GCC_WARN_ABOUT_RETURN_TYPE = YES_ERROR;
				GCC_WARN_UNDECLARED_SELECTOR = YES;
				GCC_WARN_UNINITIALIZED_AUTOS = YES_AGGRESSIVE;
				GCC_WARN_UNUSED_FUNCTION = YES;
				GCC_WARN_UNUSED_VARIABLE = YES;
				IPHONEOS_DEPLOYMENT_TARGET = 14.2;
				MTL_ENABLE_DEBUG_INFO = NO;
				MTL_FAST_MATH = YES;
				SDKROOT = iphoneos;
				SWIFT_COMPILATION_MODE = wholemodule;
				SWIFT_OPTIMIZATION_LEVEL = "-O";
				VALIDATE_PRODUCT = YES;
			};
			name = Release;
		};
		AB2FB6D92566CA32001D35BA /* Debug */ = {
			isa = XCBuildConfiguration;
			buildSettings = {
				ASSETCATALOG_COMPILER_APPICON_NAME = AppIcon;
				ASSETCATALOG_COMPILER_GLOBAL_ACCENT_COLOR_NAME = AccentColor;
				CODE_SIGN_ENTITLEMENTS = UltimatePortfolio/Configuration/UltimatePortfolio.entitlements;
				CODE_SIGN_STYLE = Automatic;
				DEVELOPMENT_ASSET_PATHS = "\"UltimatePortfolio/Preview Content\"";
				DEVELOPMENT_TEAM = 3484N7QHF7;
				ENABLE_PREVIEWS = YES;
				INFOPLIST_FILE = UltimatePortfolio/Configuration/Info.plist;
				IPHONEOS_DEPLOYMENT_TARGET = 14.0;
				LD_RUNPATH_SEARCH_PATHS = (
					"$(inherited)",
					"@executable_path/Frameworks",
				);
				PRODUCT_BUNDLE_IDENTIFIER = com.zacharyfarnes.UltimatePortfolio;
				PRODUCT_NAME = "$(TARGET_NAME)";
				SWIFT_VERSION = 5.0;
				TARGETED_DEVICE_FAMILY = "1,2";
			};
			name = Debug;
		};
		AB2FB6DA2566CA32001D35BA /* Release */ = {
			isa = XCBuildConfiguration;
			buildSettings = {
				ASSETCATALOG_COMPILER_APPICON_NAME = AppIcon;
				ASSETCATALOG_COMPILER_GLOBAL_ACCENT_COLOR_NAME = AccentColor;
				CODE_SIGN_ENTITLEMENTS = UltimatePortfolio/Configuration/UltimatePortfolio.entitlements;
				CODE_SIGN_STYLE = Automatic;
				DEVELOPMENT_ASSET_PATHS = "\"UltimatePortfolio/Preview Content\"";
				DEVELOPMENT_TEAM = 3484N7QHF7;
				ENABLE_PREVIEWS = YES;
				INFOPLIST_FILE = UltimatePortfolio/Configuration/Info.plist;
				IPHONEOS_DEPLOYMENT_TARGET = 14.0;
				LD_RUNPATH_SEARCH_PATHS = (
					"$(inherited)",
					"@executable_path/Frameworks",
				);
				PRODUCT_BUNDLE_IDENTIFIER = com.zacharyfarnes.UltimatePortfolio;
				PRODUCT_NAME = "$(TARGET_NAME)";
				SWIFT_VERSION = 5.0;
				TARGETED_DEVICE_FAMILY = "1,2";
			};
			name = Release;
		};
/* End XCBuildConfiguration section */

/* Begin XCConfigurationList section */
		AB2FB6C42566CA30001D35BA /* Build configuration list for PBXProject "UltimatePortfolio" */ = {
			isa = XCConfigurationList;
			buildConfigurations = (
				AB2FB6D62566CA32001D35BA /* Debug */,
				AB2FB6D72566CA32001D35BA /* Release */,
			);
			defaultConfigurationIsVisible = 0;
			defaultConfigurationName = Release;
		};
		AB2FB6D82566CA32001D35BA /* Build configuration list for PBXNativeTarget "UltimatePortfolio" */ = {
			isa = XCConfigurationList;
			buildConfigurations = (
				AB2FB6D92566CA32001D35BA /* Debug */,
				AB2FB6DA2566CA32001D35BA /* Release */,
			);
			defaultConfigurationIsVisible = 0;
			defaultConfigurationName = Release;
		};
/* End XCConfigurationList section */

/* Begin XCVersionGroup section */
		ABC710792566CCF9006C878A /* Main.xcdatamodeld */ = {
			isa = XCVersionGroup;
			children = (
				ABC7107A2566CCF9006C878A /* Main.xcdatamodel */,
			);
			currentVersion = ABC7107A2566CCF9006C878A /* Main.xcdatamodel */;
			path = Main.xcdatamodeld;
			sourceTree = "<group>";
			versionGroupType = wrapper.xcdatamodel;
		};
/* End XCVersionGroup section */
	};
	rootObject = AB2FB6C12566CA30001D35BA /* Project object */;
}
